Microsoft Visual Studio Solution File, Format Version 12.00
# 
Project("{FAE04EC0-301F-11D3-BF4B-00C04F79EFBC}") = "DAL", "DAL\DAL.csproj", "{96ABBB84-9C6E-45E1-AB10-716B0EF07B9E}"
EndProject
Project("{FAE04EC0-301F-11D3-BF4B-00C04F79EFBC}") = "BLL", "BLL\BLL.csproj", "{7BE02CBA-EB33-402B-B98A-E9C0D29B70D4}"
EndProject
Project("{FAE04EC0-301F-11D3-BF4B-00C04F79EFBC}") = "Brands_API", "Brands_API\Brands_API.csproj", "{CA3493C3-5C9F-41E2-A1E5-00377C4D57A3}"
EndProject
Project("{FAE04EC0-301F-11D3-BF4B-00C04F79EFBC}") = "Categories_API", "Categories_API\Categories_API.csproj", "{43711A82-B6FC-4C4A-A8E4-BEC5800B1485}"
EndProject
Project("{FAE04EC0-301F-11D3-BF4B-00C04F79EFBC}") = "Products_API", "Products_API\Products_API.csproj", "{92AB825D-EC34-4D1D-B94B-2620467476DF}"
EndProject
Project("{FAE04EC0-301F-11D3-BF4B-00C04F79EFBC}") = "Suppliers_API", "Suppliers_API\Suppliers_API.csproj", "{74239987-B953-4FD6-9CA3-8EEC70D18FCA}"
EndProject
Global
	GlobalSection(SolutionConfigurationPlatforms) = preSolution
		Debug|Any CPU = Debug|Any CPU
		Release|Any CPU = Release|Any CPU
	EndGlobalSection
	GlobalSection(ProjectConfigurationPlatforms) = postSolution
		{96ABBB84-9C6E-45E1-AB10-716B0EF07B9E}.Debug|Any CPU.ActiveCfg = Debug|Any CPU
		{96ABBB84-9C6E-45E1-AB10-716B0EF07B9E}.Debug|Any CPU.Build.0 = Debug|Any CPU
		{96ABBB84-9C6E-45E1-AB10-716B0EF07B9E}.Release|Any CPU.ActiveCfg = Release|Any CPU
		{96ABBB84-9C6E-45E1-AB10-716B0EF07B9E}.Release|Any CPU.Build.0 = Release|Any CPU
		{7BE02CBA-EB33-402B-B98A-E9C0D29B70D4}.Debug|Any CPU.ActiveCfg = Debug|Any CPU
		{7BE02CBA-EB33-402B-B98A-E9C0D29B70D4}.Debug|Any CPU.Build.0 = Debug|Any CPU
		{7BE02CBA-EB33-402B-B98A-E9C0D29B70D4}.Release|Any CPU.ActiveCfg = Release|Any CPU
		{7BE02CBA-EB33-402B-B98A-E9C0D29B70D4}.Release|Any CPU.Build.0 = Release|Any CPU
		{CA3493C3-5C9F-41E2-A1E5-00377C4D57A3}.Debug|Any CPU.ActiveCfg = Debug|Any CPU
		{CA3493C3-5C9F-41E2-A1E5-00377C4D57A3}.Debug|Any CPU.Build.0 = Debug|Any CPU
		{CA3493C3-5C9F-41E2-A1E5-00377C4D57A3}.Release|Any CPU.ActiveCfg = Release|Any CPU
		{CA3493C3-5C9F-41E2-A1E5-00377C4D57A3}.Release|Any CPU.Build.0 = Release|Any CPU
		{43711A82-B6FC-4C4A-A8E4-BEC5800B1485}.Debug|Any CPU.ActiveCfg = Debug|Any CPU
		{43711A82-B6FC-4C4A-A8E4-BEC5800B1485}.Debug|Any CPU.Build.0 = Debug|Any CPU
		{43711A82-B6FC-4C4A-A8E4-BEC5800B1485}.Release|Any CPU.ActiveCfg = Release|Any CPU
		{43711A82-B6FC-4C4A-A8E4-BEC5800B1485}.Release|Any CPU.Build.0 = Release|Any CPU
		{92AB825D-EC34-4D1D-B94B-2620467476DF}.Debug|Any CPU.ActiveCfg = Debug|Any CPU
		{92AB825D-EC34-4D1D-B94B-2620467476DF}.Debug|Any CPU.Build.0 = Debug|Any CPU
		{92AB825D-EC34-4D1D-B94B-2620467476DF}.Release|Any CPU.ActiveCfg = Release|Any CPU
		{92AB825D-EC34-4D1D-B94B-2620467476DF}.Release|Any CPU.Build.0 = Release|Any CPU
		{74239987-B953-4FD6-9CA3-8EEC70D18FCA}.Debug|Any CPU.ActiveCfg = Debug|Any CPU
		{74239987-B953-4FD6-9CA3-8EEC70D18FCA}.Debug|Any CPU.Build.0 = Debug|Any CPU
		{74239987-B953-4FD6-9CA3-8EEC70D18FCA}.Release|Any CPU.ActiveCfg = Release|Any CPU
		{74239987-B953-4FD6-9CA3-8EEC70D18FCA}.Release|Any CPU.Build.0 = Release|Any CPU
	EndGlobalSection
EndGlobal
